
Microsoft Visual Studio Solution File, Format Version 12.00
# Visual Studio Version 16
VisualStudioVersion = 16.0.30002.166
MinimumVisualStudioVersion = 10.0.40219.1
Project("{FAE04EC0-301F-11D3-BF4B-00C04F79EFBC}") = "ReplaceAsembllyTool", "ReplaceAsembllyTool\ReplaceAsembllyTool.csproj", "{F322167A-9841-483A-BFB5-2C37CA5702A7}"
EndProject
Global
	GlobalSection(SolutionConfigurationPlatforms) = preSolution
		Debug|Any CPU = Debug|Any CPU
		Release|Any CPU = Release|Any CPU
	EndGlobalSection
	GlobalSection(ProjectConfigurationPlatforms) = postSolution
		{F322167A-9841-483A-BFB5-2C37CA5702A7}.Debug|Any CPU.ActiveCfg = Debug|Any CPU
		{F322167A-9841-483A-BFB5-2C37CA5702A7}.Debug|Any CPU.Build.0 = Debug|Any CPU
		{F322167A-9841-483A-BFB5-2C37CA5702A7}.Release|Any CPU.ActiveCfg = Release|Any CPU
		{F322167A-9841-483A-BFB5-2C37CA5702A7}.Release|Any CPU.Build.0 = Release|Any CPU
	EndGlobalSection
	GlobalSection(SolutionProperties) = preSolution
		HideSolutionNode = FALSE
	EndGlobalSection
	GlobalSection(ExtensibilityGlobals) = postSolution
		SolutionGuid = {F6522D91-3610-4374-AC6B-AC7AF3474E61}
	EndGlobalSection
EndGlobal
